
Microsoft Visual Studio Solution File, Format Version 12.00
# Visual Studio Version 17
VisualStudioVersion = 17.2.32526.322
MinimumVisualStudioVersion = 10.0.40219.1
Project("{9A19103F-16F7-4668-BE54-9A1E7A4F7556}") = "TopSchool.API", "TopSchool.API\TopSchool.API.csproj", "{EA1F8006-A1F1-40B6-B568-DDB06C3CD4EE}"
EndProject
Project("{9A19103F-16F7-4668-BE54-9A1E7A4F7556}") = "TopSchool.Presentation", "TopSchool.Presentation\TopSchool.Presentation.csproj", "{F69CF721-175E-4B1B-B977-A10942DD1E5D}"
EndProject
Project("{9A19103F-16F7-4668-BE54-9A1E7A4F7556}") = "TopSchool.Infra", "TopSchool.Infra\TopSchool.Infra.csproj", "{2B99D749-8005-40E3-92F4-0213B39DCD42}"
EndProject
Project("{9A19103F-16F7-4668-BE54-9A1E7A4F7556}") = "TopSchool.Domain", "TopSchool.Domain\TopSchool.Domain.csproj", "{9122E011-165F-4751-8CCF-08B0C5B7BBEE}"
EndProject
Project("{FAE04EC0-301F-11D3-BF4B-00C04F79EFBC}") = "TopSchool.Service", "TopSchool.Service\TopSchool.Service.csproj", "{CE9ED353-F945-47BE-8B94-24A3003B2E78}"
EndProject
Global
	GlobalSection(SolutionConfigurationPlatforms) = preSolution
		Debug|Any CPU = Debug|Any CPU
		Release|Any CPU = Release|Any CPU
	EndGlobalSection
	GlobalSection(ProjectConfigurationPlatforms) = postSolution
		{EA1F8006-A1F1-40B6-B568-DDB06C3CD4EE}.Debug|Any CPU.ActiveCfg = Debug|Any CPU
		{EA1F8006-A1F1-40B6-B568-DDB06C3CD4EE}.Debug|Any CPU.Build.0 = Debug|Any CPU
		{EA1F8006-A1F1-40B6-B568-DDB06C3CD4EE}.Release|Any CPU.ActiveCfg = Release|Any CPU
		{EA1F8006-A1F1-40B6-B568-DDB06C3CD4EE}.Release|Any CPU.Build.0 = Release|Any CPU
		{F69CF721-175E-4B1B-B977-A10942DD1E5D}.Debug|Any CPU.ActiveCfg = Debug|Any CPU
		{F69CF721-175E-4B1B-B977-A10942DD1E5D}.Debug|Any CPU.Build.0 = Debug|Any CPU
		{F69CF721-175E-4B1B-B977-A10942DD1E5D}.Release|Any CPU.ActiveCfg = Release|Any CPU
		{F69CF721-175E-4B1B-B977-A10942DD1E5D}.Release|Any CPU.Build.0 = Release|Any CPU
		{2B99D749-8005-40E3-92F4-0213B39DCD42}.Debug|Any CPU.ActiveCfg = Debug|Any CPU
		{2B99D749-8005-40E3-92F4-0213B39DCD42}.Debug|Any CPU.Build.0 = Debug|Any CPU
		{2B99D749-8005-40E3-92F4-0213B39DCD42}.Release|Any CPU.ActiveCfg = Release|Any CPU
		{2B99D749-8005-40E3-92F4-0213B39DCD42}.Release|Any CPU.Build.0 = Release|Any CPU
		{9122E011-165F-4751-8CCF-08B0C5B7BBEE}.Debug|Any CPU.ActiveCfg = Debug|Any CPU
		{9122E011-165F-4751-8CCF-08B0C5B7BBEE}.Debug|Any CPU.Build.0 = Debug|Any CPU
		{9122E011-165F-4751-8CCF-08B0C5B7BBEE}.Release|Any CPU.ActiveCfg = Release|Any CPU
		{9122E011-165F-4751-8CCF-08B0C5B7BBEE}.Release|Any CPU.Build.0 = Release|Any CPU
		{CE9ED353-F945-47BE-8B94-24A3003B2E78}.Debug|Any CPU.ActiveCfg = Debug|Any CPU
		{CE9ED353-F945-47BE-8B94-24A3003B2E78}.Debug|Any CPU.Build.0 = Debug|Any CPU
		{CE9ED353-F945-47BE-8B94-24A3003B2E78}.Release|Any CPU.ActiveCfg = Release|Any CPU
		{CE9ED353-F945-47BE-8B94-24A3003B2E78}.Release|Any CPU.Build.0 = Release|Any CPU
	EndGlobalSection
	GlobalSection(SolutionProperties) = preSolution
		HideSolutionNode = FALSE
	EndGlobalSection
	GlobalSection(ExtensibilityGlobals) = postSolution
		SolutionGuid = {74E0AF5B-039D-48BD-9596-3F00FC1A5130}
	EndGlobalSection
EndGlobal
